
Microsoft Visual Studio Solution File, Format Version 12.00
# Visual Studio Version 17
VisualStudioVersion = 17.3.32922.545
MinimumVisualStudioVersion = 10.0.40219.1
Project("{9A19103F-16F7-4668-BE54-9A1E7A4F7556}") = "Accounting", "WinForms\Accounting.csproj", "{B27EAF05-E6A1-4F8A-A7E5-5BA3A3B3F898}"
EndProject
Project("{FAE04EC0-301F-11D3-BF4B-00C04F79EFBC}") = "DB", "DB\DB.csproj", "{5BAFB4CB-B62B-46C1-A7B3-B3C38B4E2CC0}"
EndProject
Global
	GlobalSection(SolutionConfigurationPlatforms) = preSolution
		Debug|Any CPU = Debug|Any CPU
		Release|Any CPU = Release|Any CPU
	EndGlobalSection
	GlobalSection(ProjectConfigurationPlatforms) = postSolution
		{B27EAF05-E6A1-4F8A-A7E5-5BA3A3B3F898}.Debug|Any CPU.ActiveCfg = Debug|Any CPU
		{B27EAF05-E6A1-4F8A-A7E5-5BA3A3B3F898}.Debug|Any CPU.Build.0 = Debug|Any CPU
		{B27EAF05-E6A1-4F8A-A7E5-5BA3A3B3F898}.Release|Any CPU.ActiveCfg = Release|Any CPU
		{B27EAF05-E6A1-4F8A-A7E5-5BA3A3B3F898}.Release|Any CPU.Build.0 = Release|Any CPU
		{5BAFB4CB-B62B-46C1-A7B3-B3C38B4E2CC0}.Debug|Any CPU.ActiveCfg = Debug|Any CPU
		{5BAFB4CB-B62B-46C1-A7B3-B3C38B4E2CC0}.Debug|Any CPU.Build.0 = Debug|Any CPU
		{5BAFB4CB-B62B-46C1-A7B3-B3C38B4E2CC0}.Release|Any CPU.ActiveCfg = Release|Any CPU
		{5BAFB4CB-B62B-46C1-A7B3-B3C38B4E2CC0}.Release|Any CPU.Build.0 = Release|Any CPU
	EndGlobalSection
	GlobalSection(SolutionProperties) = preSolution
		HideSolutionNode = FALSE
	EndGlobalSection
	GlobalSection(ExtensibilityGlobals) = postSolution
		SolutionGuid = {B8703D3D-7CBC-47AD-B27D-663E2159994E}
	EndGlobalSection
EndGlobal
